
Microsoft Visual Studio Solution File, Format Version 12.00
# Visual Studio Version 17
VisualStudioVersion = 17.8.34330.188
MinimumVisualStudioVersion = 10.0.40219.1
Project("{FAE04EC0-301F-11D3-BF4B-00C04F79EFBC}") = "CircleObjectsLab", "CircleObjectsLab\CircleObjectsLab.csproj", "{34399833-A8D0-4490-B243-57F759ED693D}"
EndProject
Global
	GlobalSection(SolutionConfigurationPlatforms) = preSolution
		Debug|Any CPU = Debug|Any CPU
		Release|Any CPU = Release|Any CPU
	EndGlobalSection
	GlobalSection(ProjectConfigurationPlatforms) = postSolution
		{34399833-A8D0-4490-B243-57F759ED693D}.Debug|Any CPU.ActiveCfg = Debug|Any CPU
		{34399833-A8D0-4490-B243-57F759ED693D}.Debug|Any CPU.Build.0 = Debug|Any CPU
		{34399833-A8D0-4490-B243-57F759ED693D}.Release|Any CPU.ActiveCfg = Release|Any CPU
		{34399833-A8D0-4490-B243-57F759ED693D}.Release|Any CPU.Build.0 = Release|Any CPU
	EndGlobalSection
	GlobalSection(SolutionProperties) = preSolution
		HideSolutionNode = FALSE
	EndGlobalSection
	GlobalSection(ExtensibilityGlobals) = postSolution
		SolutionGuid = {431AAE88-74F2-41C9-A884-084D1EC36D0F}
	EndGlobalSection
EndGlobal
